
Microsoft Visual Studio Solution File, Format Version 12.00
# Visual Studio 15
VisualStudioVersion = 15.0.28307.421
MinimumVisualStudioVersion = 10.0.40219.1
Project("{9A19103F-16F7-4668-BE54-9A1E7A4F7556}") = "Shop.Domain", "Shop.Domain\Shop.Domain.csproj", "{4474AC59-55DE-48C5-B684-F355FB700C52}"
EndProject
Project("{9A19103F-16F7-4668-BE54-9A1E7A4F7556}") = "Shop.Application", "Shop.Application\Shop.Application.csproj", "{EF9218C2-703C-4E4F-BC95-36E409795588}"
EndProject
Project("{9A19103F-16F7-4668-BE54-9A1E7A4F7556}") = "Shop.Database", "Shop.Database\Shop.Database.csproj", "{30969DA0-FC93-4D23-970C-5F41C654A289}"
EndProject
Project("{9A19103F-16F7-4668-BE54-9A1E7A4F7556}") = "Shop.UI", "Shop.UI\Shop.UI.csproj", "{E6304889-E9E1-40BE-8716-8630A173A2C1}"
EndProject
Global
	GlobalSection(SolutionConfigurationPlatforms) = preSolution
		Debug|Any CPU = Debug|Any CPU
		Release|Any CPU = Release|Any CPU
	EndGlobalSection
	GlobalSection(ProjectConfigurationPlatforms) = postSolution
		{4474AC59-55DE-48C5-B684-F355FB700C52}.Debug|Any CPU.ActiveCfg = Debug|Any CPU
		{4474AC59-55DE-48C5-B684-F355FB700C52}.Debug|Any CPU.Build.0 = Debug|Any CPU
		{4474AC59-55DE-48C5-B684-F355FB700C52}.Release|Any CPU.ActiveCfg = Release|Any CPU
		{4474AC59-55DE-48C5-B684-F355FB700C52}.Release|Any CPU.Build.0 = Release|Any CPU
		{EF9218C2-703C-4E4F-BC95-36E409795588}.Debug|Any CPU.ActiveCfg = Debug|Any CPU
		{EF9218C2-703C-4E4F-BC95-36E409795588}.Debug|Any CPU.Build.0 = Debug|Any CPU
		{EF9218C2-703C-4E4F-BC95-36E409795588}.Release|Any CPU.ActiveCfg = Release|Any CPU
		{EF9218C2-703C-4E4F-BC95-36E409795588}.Release|Any CPU.Build.0 = Release|Any CPU
		{30969DA0-FC93-4D23-970C-5F41C654A289}.Debug|Any CPU.ActiveCfg = Debug|Any CPU
		{30969DA0-FC93-4D23-970C-5F41C654A289}.Debug|Any CPU.Build.0 = Debug|Any CPU
		{30969DA0-FC93-4D23-970C-5F41C654A289}.Release|Any CPU.ActiveCfg = Release|Any CPU
		{30969DA0-FC93-4D23-970C-5F41C654A289}.Release|Any CPU.Build.0 = Release|Any CPU
		{E6304889-E9E1-40BE-8716-8630A173A2C1}.Debug|Any CPU.ActiveCfg = Debug|Any CPU
		{E6304889-E9E1-40BE-8716-8630A173A2C1}.Debug|Any CPU.Build.0 = Debug|Any CPU
		{E6304889-E9E1-40BE-8716-8630A173A2C1}.Release|Any CPU.ActiveCfg = Release|Any CPU
		{E6304889-E9E1-40BE-8716-8630A173A2C1}.Release|Any CPU.Build.0 = Release|Any CPU
	EndGlobalSection
	GlobalSection(SolutionProperties) = preSolution
		HideSolutionNode = FALSE
	EndGlobalSection
	GlobalSection(ExtensibilityGlobals) = postSolution
		SolutionGuid = {872B4675-4BAA-4521-86B2-97FC0652EE8C}
	EndGlobalSection
EndGlobal
